
Microsoft Visual Studio Solution File, Format Version 12.00
# Visual Studio 15
VisualStudioVersion = 15.0.28010.2016
MinimumVisualStudioVersion = 10.0.40219.1
Project("{FAE04EC0-301F-11D3-BF4B-00C04F79EFBC}") = "UserSubManagementSystem.BackEnd", "UserSubManagementSystem.BackEnd\UserSubManagementSystem.BackEnd.csproj", "{BE32D786-2889-4684-A075-5C37964DEB29}"
EndProject
Project("{FAE04EC0-301F-11D3-BF4B-00C04F79EFBC}") = "UserSubManagementSystem.FrontEnd", "UserSubManagementSystem.FrontEnd\UserSubManagementSystem.FrontEnd.csproj", "{488A76C7-925F-4548-BC92-A8BFA6B823E2}"
EndProject
Global
	GlobalSection(SolutionConfigurationPlatforms) = preSolution
		Debug|Any CPU = Debug|Any CPU
		Release|Any CPU = Release|Any CPU
	EndGlobalSection
	GlobalSection(ProjectConfigurationPlatforms) = postSolution
		{BE32D786-2889-4684-A075-5C37964DEB29}.Debug|Any CPU.ActiveCfg = Debug|Any CPU
		{BE32D786-2889-4684-A075-5C37964DEB29}.Debug|Any CPU.Build.0 = Debug|Any CPU
		{BE32D786-2889-4684-A075-5C37964DEB29}.Release|Any CPU.ActiveCfg = Release|Any CPU
		{BE32D786-2889-4684-A075-5C37964DEB29}.Release|Any CPU.Build.0 = Release|Any CPU
		{488A76C7-925F-4548-BC92-A8BFA6B823E2}.Debug|Any CPU.ActiveCfg = Debug|Any CPU
		{488A76C7-925F-4548-BC92-A8BFA6B823E2}.Debug|Any CPU.Build.0 = Debug|Any CPU
		{488A76C7-925F-4548-BC92-A8BFA6B823E2}.Release|Any CPU.ActiveCfg = Release|Any CPU
		{488A76C7-925F-4548-BC92-A8BFA6B823E2}.Release|Any CPU.Build.0 = Release|Any CPU
	EndGlobalSection
	GlobalSection(SolutionProperties) = preSolution
		HideSolutionNode = FALSE
	EndGlobalSection
	GlobalSection(ExtensibilityGlobals) = postSolution
		SolutionGuid = {F290E739-4EAD-4690-802D-FB4AE5FDF88A}
	EndGlobalSection
EndGlobal
